
Microsoft Visual Studio Solution File, Format Version 12.00
# Visual Studio Version 17
VisualStudioVersion = 17.11.35327.3
MinimumVisualStudioVersion = 10.0.40219.1
Project("{8BC9CEB8-8B4A-11D0-8D11-00A0C91BC942}") = "Random-Small&CapitalLetter-SpecialChar-Dgits", "Random-Small&CapitalLetter-SpecialChar-Dgits\Random-Small&CapitalLetter-SpecialChar-Dgits.vcxproj", "{38525978-CA38-4190-848E-BBD8864BD2C0}"
EndProject
Global
	GlobalSection(SolutionConfigurationPlatforms) = preSolution
		Debug|x64 = Debug|x64
		Debug|x86 = Debug|x86
		Release|x64 = Release|x64
		Release|x86 = Release|x86
	EndGlobalSection
	GlobalSection(ProjectConfigurationPlatforms) = postSolution
		{38525978-CA38-4190-848E-BBD8864BD2C0}.Debug|x64.ActiveCfg = Debug|x64
		{38525978-CA38-4190-848E-BBD8864BD2C0}.Debug|x64.Build.0 = Debug|x64
		{38525978-CA38-4190-848E-BBD8864BD2C0}.Debug|x86.ActiveCfg = Debug|Win32
		{38525978-CA38-4190-848E-BBD8864BD2C0}.Debug|x86.Build.0 = Debug|Win32
		{38525978-CA38-4190-848E-BBD8864BD2C0}.Release|x64.ActiveCfg = Release|x64
		{38525978-CA38-4190-848E-BBD8864BD2C0}.Release|x64.Build.0 = Release|x64
		{38525978-CA38-4190-848E-BBD8864BD2C0}.Release|x86.ActiveCfg = Release|Win32
		{38525978-CA38-4190-848E-BBD8864BD2C0}.Release|x86.Build.0 = Release|Win32
	EndGlobalSection
	GlobalSection(SolutionProperties) = preSolution
		HideSolutionNode = FALSE
	EndGlobalSection
	GlobalSection(ExtensibilityGlobals) = postSolution
		SolutionGuid = {37E3F903-2BE0-4AFF-993B-A265E352C006}
	EndGlobalSection
EndGlobal
